
Microsoft Visual Studio Solution File, Format Version 12.00
# Visual Studio Version 17
VisualStudioVersion = 17.0.31903.59
MinimumVisualStudioVersion = 10.0.40219.1
Project("{2150E333-8FDC-42A3-9474-1A3956D46DE8}") = "src", "src", "{827E0CD3-B72D-47B6-A68D-7590B98EB39B}"
EndProject
Project("{FAE04EC0-301F-11D3-BF4B-00C04F79EFBC}") = "ECSLang.CLI", "src\ECSLang.CLI\ECSLang.CLI.csproj", "{23E3C462-294B-4D43-B241-5286762A72E3}"
EndProject
Project("{FAE04EC0-301F-11D3-BF4B-00C04F79EFBC}") = "ECSLang.Codegen.LLVM", "src\ECSLang.Codegen.LLVM\ECSLang.Codegen.LLVM.csproj", "{94D35CD8-F97F-46A2-8FDC-ADC1CA5AB7CD}"
EndProject
Project("{FAE04EC0-301F-11D3-BF4B-00C04F79EFBC}") = "ECSLang.Core", "src\ECSLang.Core\ECSLang.Core.csproj", "{F25A2A87-2511-4206-AC7C-B1F2451C6F29}"
EndProject
Project("{FAE04EC0-301F-11D3-BF4B-00C04F79EFBC}") = "ECSLang.Frontend", "src\ECSLang.Frontend\ECSLang.Frontend.csproj", "{C892234F-0979-4AB2-A003-0218EC8BE165}"
EndProject
Project("{FAE04EC0-301F-11D3-BF4B-00C04F79EFBC}") = "ECSLang.Semantics", "src\ECSLang.Semantics\ECSLang.Semantics.csproj", "{679AEB39-0388-473F-84B2-D28BF7FF552E}"
EndProject
Project("{FAE04EC0-301F-11D3-BF4B-00C04F79EFBC}") = "ECSLang.Toolchain", "src\ECSLang.Toolchain\ECSLang.Toolchain.csproj", "{CA631DB1-079B-4253-80DF-EA6676294381}"
EndProject
Global
	GlobalSection(SolutionConfigurationPlatforms) = preSolution
		Debug|Any CPU = Debug|Any CPU
		Debug|x64 = Debug|x64
		Debug|x86 = Debug|x86
		Release|Any CPU = Release|Any CPU
		Release|x64 = Release|x64
		Release|x86 = Release|x86
	EndGlobalSection
	GlobalSection(ProjectConfigurationPlatforms) = postSolution
		{23E3C462-294B-4D43-B241-5286762A72E3}.Debug|Any CPU.ActiveCfg = Debug|Any CPU
		{23E3C462-294B-4D43-B241-5286762A72E3}.Debug|Any CPU.Build.0 = Debug|Any CPU
		{23E3C462-294B-4D43-B241-5286762A72E3}.Debug|x64.ActiveCfg = Debug|Any CPU
		{23E3C462-294B-4D43-B241-5286762A72E3}.Debug|x64.Build.0 = Debug|Any CPU
		{23E3C462-294B-4D43-B241-5286762A72E3}.Debug|x86.ActiveCfg = Debug|Any CPU
		{23E3C462-294B-4D43-B241-5286762A72E3}.Debug|x86.Build.0 = Debug|Any CPU
		{23E3C462-294B-4D43-B241-5286762A72E3}.Release|Any CPU.ActiveCfg = Release|Any CPU
		{23E3C462-294B-4D43-B241-5286762A72E3}.Release|Any CPU.Build.0 = Release|Any CPU
		{23E3C462-294B-4D43-B241-5286762A72E3}.Release|x64.ActiveCfg = Release|Any CPU
		{23E3C462-294B-4D43-B241-5286762A72E3}.Release|x64.Build.0 = Release|Any CPU
		{23E3C462-294B-4D43-B241-5286762A72E3}.Release|x86.ActiveCfg = Release|Any CPU
		{23E3C462-294B-4D43-B241-5286762A72E3}.Release|x86.Build.0 = Release|Any CPU
		{94D35CD8-F97F-46A2-8FDC-ADC1CA5AB7CD}.Debug|Any CPU.ActiveCfg = Debug|Any CPU
		{94D35CD8-F97F-46A2-8FDC-ADC1CA5AB7CD}.Debug|Any CPU.Build.0 = Debug|Any CPU
		{94D35CD8-F97F-46A2-8FDC-ADC1CA5AB7CD}.Debug|x64.ActiveCfg = Debug|Any CPU
		{94D35CD8-F97F-46A2-8FDC-ADC1CA5AB7CD}.Debug|x64.Build.0 = Debug|Any CPU
		{94D35CD8-F97F-46A2-8FDC-ADC1CA5AB7CD}.Debug|x86.ActiveCfg = Debug|Any CPU
		{94D35CD8-F97F-46A2-8FDC-ADC1CA5AB7CD}.Debug|x86.Build.0 = Debug|Any CPU
		{94D35CD8-F97F-46A2-8FDC-ADC1CA5AB7CD}.Release|Any CPU.ActiveCfg = Release|Any CPU
		{94D35CD8-F97F-46A2-8FDC-ADC1CA5AB7CD}.Release|Any CPU.Build.0 = Release|Any CPU
		{94D35CD8-F97F-46A2-8FDC-ADC1CA5AB7CD}.Release|x64.ActiveCfg = Release|Any CPU
		{94D35CD8-F97F-46A2-8FDC-ADC1CA5AB7CD}.Release|x64.Build.0 = Release|Any CPU
		{94D35CD8-F97F-46A2-8FDC-ADC1CA5AB7CD}.Release|x86.ActiveCfg = Release|Any CPU
		{94D35CD8-F97F-46A2-8FDC-ADC1CA5AB7CD}.Release|x86.Build.0 = Release|Any CPU
		{F25A2A87-2511-4206-AC7C-B1F2451C6F29}.Debug|Any CPU.ActiveCfg = Debug|Any CPU
		{F25A2A87-2511-4206-AC7C-B1F2451C6F29}.Debug|Any CPU.Build.0 = Debug|Any CPU
		{F25A2A87-2511-4206-AC7C-B1F2451C6F29}.Debug|x64.ActiveCfg = Debug|Any CPU
		{F25A2A87-2511-4206-AC7C-B1F2451C6F29}.Debug|x64.Build.0 = Debug|Any CPU
		{F25A2A87-2511-4206-AC7C-B1F2451C6F29}.Debug|x86.ActiveCfg = Debug|Any CPU
		{F25A2A87-2511-4206-AC7C-B1F2451C6F29}.Debug|x86.Build.0 = Debug|Any CPU
		{F25A2A87-2511-4206-AC7C-B1F2451C6F29}.Release|Any CPU.ActiveCfg = Release|Any CPU
		{F25A2A87-2511-4206-AC7C-B1F2451C6F29}.Release|Any CPU.Build.0 = Release|Any CPU
		{F25A2A87-2511-4206-AC7C-B1F2451C6F29}.Release|x64.ActiveCfg = Release|Any CPU
		{F25A2A87-2511-4206-AC7C-B1F2451C6F29}.Release|x64.Build.0 = Release|Any CPU
		{F25A2A87-2511-4206-AC7C-B1F2451C6F29}.Release|x86.ActiveCfg = Release|Any CPU
		{F25A2A87-2511-4206-AC7C-B1F2451C6F29}.Release|x86.Build.0 = Release|Any CPU
		{C892234F-0979-4AB2-A003-0218EC8BE165}.Debug|Any CPU.ActiveCfg = Debug|Any CPU
		{C892234F-0979-4AB2-A003-0218EC8BE165}.Debug|Any CPU.Build.0 = Debug|Any CPU
		{C892234F-0979-4AB2-A003-0218EC8BE165}.Debug|x64.ActiveCfg = Debug|Any CPU
		{C892234F-0979-4AB2-A003-0218EC8BE165}.Debug|x64.Build.0 = Debug|Any CPU
		{C892234F-0979-4AB2-A003-0218EC8BE165}.Debug|x86.ActiveCfg = Debug|Any CPU
		{C892234F-0979-4AB2-A003-0218EC8BE165}.Debug|x86.Build.0 = Debug|Any CPU
		{C892234F-0979-4AB2-A003-0218EC8BE165}.Release|Any CPU.ActiveCfg = Release|Any CPU
		{C892234F-0979-4AB2-A003-0218EC8BE165}.Release|Any CPU.Build.0 = Release|Any CPU
		{C892234F-0979-4AB2-A003-0218EC8BE165}.Release|x64.ActiveCfg = Release|Any CPU
		{C892234F-0979-4AB2-A003-0218EC8BE165}.Release|x64.Build.0 = Release|Any CPU
		{C892234F-0979-4AB2-A003-0218EC8BE165}.Release|x86.ActiveCfg = Release|Any CPU
		{C892234F-0979-4AB2-A003-0218EC8BE165}.Release|x86.Build.0 = Release|Any CPU
		{679AEB39-0388-473F-84B2-D28BF7FF552E}.Debug|Any CPU.ActiveCfg = Debug|Any CPU
		{679AEB39-0388-473F-84B2-D28BF7FF552E}.Debug|Any CPU.Build.0 = Debug|Any CPU
		{679AEB39-0388-473F-84B2-D28BF7FF552E}.Debug|x64.ActiveCfg = Debug|Any CPU
		{679AEB39-0388-473F-84B2-D28BF7FF552E}.Debug|x64.Build.0 = Debug|Any CPU
		{679AEB39-0388-473F-84B2-D28BF7FF552E}.Debug|x86.ActiveCfg = Debug|Any CPU
		{679AEB39-0388-473F-84B2-D28BF7FF552E}.Debug|x86.Build.0 = Debug|Any CPU
		{679AEB39-0388-473F-84B2-D28BF7FF552E}.Release|Any CPU.ActiveCfg = Release|Any CPU
		{679AEB39-0388-473F-84B2-D28BF7FF552E}.Release|Any CPU.Build.0 = Release|Any CPU
		{679AEB39-0388-473F-84B2-D28BF7FF552E}.Release|x64.ActiveCfg = Release|Any CPU
		{679AEB39-0388-473F-84B2-D28BF7FF552E}.Release|x64.Build.0 = Release|Any CPU
		{679AEB39-0388-473F-84B2-D28BF7FF552E}.Release|x86.ActiveCfg = Release|Any CPU
		{679AEB39-0388-473F-84B2-D28BF7FF552E}.Release|x86.Build.0 = Release|Any CPU
		{CA631DB1-079B-4253-80DF-EA6676294381}.Debug|Any CPU.ActiveCfg = Debug|Any CPU
		{CA631DB1-079B-4253-80DF-EA6676294381}.Debug|Any CPU.Build.0 = Debug|Any CPU
		{CA631DB1-079B-4253-80DF-EA6676294381}.Debug|x64.ActiveCfg = Debug|Any CPU
		{CA631DB1-079B-4253-80DF-EA6676294381}.Debug|x64.Build.0 = Debug|Any CPU
		{CA631DB1-079B-4253-80DF-EA6676294381}.Debug|x86.ActiveCfg = Debug|Any CPU
		{CA631DB1-079B-4253-80DF-EA6676294381}.Debug|x86.Build.0 = Debug|Any CPU
		{CA631DB1-079B-4253-80DF-EA6676294381}.Release|Any CPU.ActiveCfg = Release|Any CPU
		{CA631DB1-079B-4253-80DF-EA6676294381}.Release|Any CPU.Build.0 = Release|Any CPU
		{CA631DB1-079B-4253-80DF-EA6676294381}.Release|x64.ActiveCfg = Release|Any CPU
		{CA631DB1-079B-4253-80DF-EA6676294381}.Release|x64.Build.0 = Release|Any CPU
		{CA631DB1-079B-4253-80DF-EA6676294381}.Release|x86.ActiveCfg = Release|Any CPU
		{CA631DB1-079B-4253-80DF-EA6676294381}.Release|x86.Build.0 = Release|Any CPU
	EndGlobalSection
	GlobalSection(SolutionProperties) = preSolution
		HideSolutionNode = FALSE
	EndGlobalSection
	GlobalSection(NestedProjects) = preSolution
		{23E3C462-294B-4D43-B241-5286762A72E3} = {827E0CD3-B72D-47B6-A68D-7590B98EB39B}
		{94D35CD8-F97F-46A2-8FDC-ADC1CA5AB7CD} = {827E0CD3-B72D-47B6-A68D-7590B98EB39B}
		{F25A2A87-2511-4206-AC7C-B1F2451C6F29} = {827E0CD3-B72D-47B6-A68D-7590B98EB39B}
		{C892234F-0979-4AB2-A003-0218EC8BE165} = {827E0CD3-B72D-47B6-A68D-7590B98EB39B}
		{679AEB39-0388-473F-84B2-D28BF7FF552E} = {827E0CD3-B72D-47B6-A68D-7590B98EB39B}
		{CA631DB1-079B-4253-80DF-EA6676294381} = {827E0CD3-B72D-47B6-A68D-7590B98EB39B}
	EndGlobalSection
EndGlobal
